// !$*UTF8*$!
{
	archiveVersion = 1;
	classes = {
	};
	objectVersion = 50;
	objects = {

/* Begin PBXBuildFile section */
		484776C2251E366500EE19AB /* cube.cpp in Sources */ = {isa = PBXBuildFile; fileRef = 484776C1251E366500EE19AB /* cube.cpp */; };
/* End PBXBuildFile section */

/* Begin PBXCopyFilesBuildPhase section */
		48715CE924C84FE40065D0E1 /* CopyFiles */ = {
			isa = PBXCopyFilesBuildPhase;
			buildActionMask = 2147483647;
			dstPath = /usr/share/man/man1/;
			dstSubfolderSpec = 0;
			files = (
			);
			runOnlyForDeploymentPostprocessing = 1;
		};
/* End PBXCopyFilesBuildPhase section */

/* Begin PBXFileReference section */
		4816BA3A24FF9FB200A4BA81 /* path.cpp */ = {isa = PBXFileReference; lastKnownFileType = sourcecode.cpp.cpp; path = path.cpp; sourceTree = "<group>"; };
		4816BA3C24FF9FBC00A4BA81 /* path.inp */ = {isa = PBXFileReference; lastKnownFileType = text; path = path.inp; sourceTree = "<group>"; };
		4816BA3D24FF9FCF00A4BA81 /* path.out */ = {isa = PBXFileReference; lastKnownFileType = text; path = path.out; sourceTree = "<group>"; };
		4816BA3F24FFC4B000A4BA81 /* primefactor.cpp */ = {isa = PBXFileReference; lastKnownFileType = sourcecode.cpp.cpp; path = primefactor.cpp; sourceTree = "<group>"; };
		4816BA4124FFC4BB00A4BA81 /* primefactor.inp */ = {isa = PBXFileReference; lastKnownFileType = text; path = primefactor.inp; sourceTree = "<group>"; };
		4816BA4224FFC4C400A4BA81 /* primefactor.out */ = {isa = PBXFileReference; lastKnownFileType = text; path = primefactor.out; sourceTree = "<group>"; };
		481DB857251B2F8E002B11DD /* polygon.cpp */ = {isa = PBXFileReference; lastKnownFileType = sourcecode.cpp.cpp; path = polygon.cpp; sourceTree = "<group>"; };
		481DB85B251B2F97002B11DD /* polygon.inp */ = {isa = PBXFileReference; lastKnownFileType = text; path = polygon.inp; sourceTree = "<group>"; };
		481DB85C251B2F9F002B11DD /* polygon.out */ = {isa = PBXFileReference; lastKnownFileType = text; path = polygon.out; sourceTree = "<group>"; };
		484321E4250C7AC300672B0F /* expression.cpp */ = {isa = PBXFileReference; lastKnownFileType = sourcecode.cpp.cpp; path = expression.cpp; sourceTree = "<group>"; };
		484321E6250C7ACE00672B0F /* expression.inp */ = {isa = PBXFileReference; lastKnownFileType = text; path = expression.inp; sourceTree = "<group>"; };
		484321E7250C7AD700672B0F /* expression.out */ = {isa = PBXFileReference; lastKnownFileType = text; path = expression.out; sourceTree = "<group>"; };
		484321E8250C8C9200672B0F /* bowling.cpp */ = {isa = PBXFileReference; lastKnownFileType = sourcecode.cpp.cpp; path = bowling.cpp; sourceTree = "<group>"; };
		484321EA250C8C9B00672B0F /* bowling.inp */ = {isa = PBXFileReference; lastKnownFileType = text; path = bowling.inp; sourceTree = "<group>"; };
		484321EB250C8CA300672B0F /* bowling.out */ = {isa = PBXFileReference; lastKnownFileType = text; path = bowling.out; sourceTree = "<group>"; };
		484321EC250C944800672B0F /* turtle.cpp */ = {isa = PBXFileReference; lastKnownFileType = sourcecode.cpp.cpp; path = turtle.cpp; sourceTree = "<group>"; };
		484321EE250C945200672B0F /* turtle.inp */ = {isa = PBXFileReference; lastKnownFileType = text; path = turtle.inp; sourceTree = "<group>"; };
		484321EF250C945C00672B0F /* turtle.out */ = {isa = PBXFileReference; lastKnownFileType = text; path = turtle.out; sourceTree = "<group>"; };
		484776C1251E366500EE19AB /* cube.cpp */ = {isa = PBXFileReference; lastKnownFileType = sourcecode.cpp.cpp; path = cube.cpp; sourceTree = "<group>"; };
		484776C5251E367000EE19AB /* cube.inp */ = {isa = PBXFileReference; lastKnownFileType = text; path = cube.inp; sourceTree = "<group>"; };
		484776C6251E367E00EE19AB /* cube.out */ = {isa = PBXFileReference; lastKnownFileType = text; path = cube.out; sourceTree = "<group>"; };
		48715CEB24C84FE40065D0E1 /* algorithm */ = {isa = PBXFileReference; explicitFileType = "compiled.mach-o.executable"; includeInIndex = 0; path = algorithm; sourceTree = BUILT_PRODUCTS_DIR; };
		48BF3A302503466E003A9B84 /* sequence.cpp */ = {isa = PBXFileReference; lastKnownFileType = sourcecode.cpp.cpp; path = sequence.cpp; sourceTree = "<group>"; };
		48BF3A3225034680003A9B84 /* sequence.inp */ = {isa = PBXFileReference; lastKnownFileType = text; path = sequence.inp; sourceTree = "<group>"; };
		48BF3A3325034687003A9B84 /* sequence.out */ = {isa = PBXFileReference; lastKnownFileType = text; path = sequence.out; sourceTree = "<group>"; };
		48D819C62514CE57000018DA /* fibonacci.cpp */ = {isa = PBXFileReference; lastKnownFileType = sourcecode.cpp.cpp; path = fibonacci.cpp; sourceTree = "<group>"; };
		48D819CA2514CE62000018DA /* fibonacci.inp */ = {isa = PBXFileReference; lastKnownFileType = text; path = fibonacci.inp; sourceTree = "<group>"; };
		48D819CB2514CE6B000018DA /* fibonacci.out */ = {isa = PBXFileReference; lastKnownFileType = text; path = fibonacci.out; sourceTree = "<group>"; };
		48D819CF2514D561000018DA /* bitmap.cpp */ = {isa = PBXFileReference; lastKnownFileType = sourcecode.cpp.cpp; path = bitmap.cpp; sourceTree = "<group>"; };
		48D819D32514D56E000018DA /* bitmap.inp */ = {isa = PBXFileReference; lastKnownFileType = text; path = bitmap.inp; sourceTree = "<group>"; };
		48D819D42514D578000018DA /* bitmap.out */ = {isa = PBXFileReference; lastKnownFileType = text; path = bitmap.out; sourceTree = "<group>"; };
/* End PBXFileReference section */

/* Begin PBXFrameworksBuildPhase section */
		48715CE824C84FE40065D0E1 /* Frameworks */ = {
			isa = PBXFrameworksBuildPhase;
			buildActionMask = 2147483647;
			files = (
			);
			runOnlyForDeploymentPostprocessing = 0;
		};
/* End PBXFrameworksBuildPhase section */

/* Begin PBXGroup section */
		4816BA3924FF9F8D00A4BA81 /* 1.격자경로 */ = {
			isa = PBXGroup;
			children = (
				4816BA3A24FF9FB200A4BA81 /* path.cpp */,
				4816BA3C24FF9FBC00A4BA81 /* path.inp */,
				4816BA3D24FF9FCF00A4BA81 /* path.out */,
			);
			name = "1.격자경로";
			path = "1.격자경로";
			sourceTree = "<group>";
		};
		4816BA3E24FFC46400A4BA81 /* 2.정수소인수분해 */ = {
			isa = PBXGroup;
			children = (
				4816BA3F24FFC4B000A4BA81 /* primefactor.cpp */,
				4816BA4124FFC4BB00A4BA81 /* primefactor.inp */,
				4816BA4224FFC4C400A4BA81 /* primefactor.out */,
			);
			name = "2.정수소인수분해";
			path = "2.정수소인수분해";
			sourceTree = "<group>";
		};
		481DB856251B2F1A002B11DD /* 9.직각다각형 */ = {
			isa = PBXGroup;
			children = (
				481DB857251B2F8E002B11DD /* polygon.cpp */,
				481DB85B251B2F97002B11DD /* polygon.inp */,
				481DB85C251B2F9F002B11DD /* polygon.out */,
			);
			name = "9.직각다각형";
			path = "9.직각다각형";
			sourceTree = "<group>";
		};
		484321DD250C79E900672B0F /* 5.Bowling Score */ = {
			isa = PBXGroup;
			children = (
				484321E8250C8C9200672B0F /* bowling.cpp */,
				484321EA250C8C9B00672B0F /* bowling.inp */,
				484321EB250C8CA300672B0F /* bowling.out */,
			);
			path = "5.Bowling Score";
			sourceTree = "<group>";
		};
		484321DE250C79F600672B0F /* 6.Turtle */ = {
			isa = PBXGroup;
			children = (
				484321EC250C944800672B0F /* turtle.cpp */,
				484321EE250C945200672B0F /* turtle.inp */,
				484321EF250C945C00672B0F /* turtle.out */,
			);
			path = 6.Turtle;
			sourceTree = "<group>";
		};
		484321E3250C7AB300672B0F /* 4.산술연산 */ = {
			isa = PBXGroup;
			children = (
				484321E4250C7AC300672B0F /* expression.cpp */,
				484321E6250C7ACE00672B0F /* expression.inp */,
				484321E7250C7AD700672B0F /* expression.out */,
			);
			path = "4.산술연산";
			sourceTree = "<group>";
		};
		484776C0251E35F800EE19AB /* 10.Cube Painting */ = {
			isa = PBXGroup;
			children = (
				484776C1251E366500EE19AB /* cube.cpp */,
				484776C5251E367000EE19AB /* cube.inp */,
				484776C6251E367E00EE19AB /* cube.out */,
			);
			path = "10.Cube Painting";
			sourceTree = "<group>";
		};
		48715CE224C84FE40065D0E1 = {
			isa = PBXGroup;
			children = (
				48715CED24C84FE40065D0E1 /* algorithm */,
				48715CEC24C84FE40065D0E1 /* Products */,
			);
			sourceTree = "<group>";
		};
		48715CEC24C84FE40065D0E1 /* Products */ = {
			isa = PBXGroup;
			children = (
				48715CEB24C84FE40065D0E1 /* algorithm */,
			);
			name = Products;
			sourceTree = "<group>";
		};
		48715CED24C84FE40065D0E1 /* algorithm */ = {
			isa = PBXGroup;
			children = (
				4816BA3924FF9F8D00A4BA81 /* 1.격자경로 */,
				4816BA3E24FFC46400A4BA81 /* 2.정수소인수분해 */,
				48BF3A2F25034640003A9B84 /* 3.Finding Card Sequence */,
				484321E3250C7AB300672B0F /* 4.산술연산 */,
				484321DD250C79E900672B0F /* 5.Bowling Score */,
				484321DE250C79F600672B0F /* 6.Turtle */,
				48D819C52514CE2A000018DA /* 7.Big Fibonacci */,
				48D819CE2514D4EB000018DA /* 8.Bitmap */,
				481DB856251B2F1A002B11DD /* 9.직각다각형 */,
				484776C0251E35F800EE19AB /* 10.Cube Painting */,
			);
			path = algorithm;
			sourceTree = "<group>";
		};
		48BF3A2F25034640003A9B84 /* 3.Finding Card Sequence */ = {
			isa = PBXGroup;
			children = (
				48BF3A302503466E003A9B84 /* sequence.cpp */,
				48BF3A3225034680003A9B84 /* sequence.inp */,
				48BF3A3325034687003A9B84 /* sequence.out */,
			);
			path = "3.Finding Card Sequence";
			sourceTree = "<group>";
		};
		48D819C52514CE2A000018DA /* 7.Big Fibonacci */ = {
			isa = PBXGroup;
			children = (
				48D819C62514CE57000018DA /* fibonacci.cpp */,
				48D819CA2514CE62000018DA /* fibonacci.inp */,
				48D819CB2514CE6B000018DA /* fibonacci.out */,
			);
			path = "7.Big Fibonacci";
			sourceTree = "<group>";
		};
		48D819CE2514D4EB000018DA /* 8.Bitmap */ = {
			isa = PBXGroup;
			children = (
				48D819CF2514D561000018DA /* bitmap.cpp */,
				48D819D32514D56E000018DA /* bitmap.inp */,
				48D819D42514D578000018DA /* bitmap.out */,
			);
			path = 8.Bitmap;
			sourceTree = "<group>";
		};
/* End PBXGroup section */

/* Begin PBXNativeTarget section */
		48715CEA24C84FE40065D0E1 /* algorithm */ = {
			isa = PBXNativeTarget;
			buildConfigurationList = 48715CF224C84FE40065D0E1 /* Build configuration list for PBXNativeTarget "algorithm" */;
			buildPhases = (
				48715CE724C84FE40065D0E1 /* Sources */,
				48715CE824C84FE40065D0E1 /* Frameworks */,
				48715CE924C84FE40065D0E1 /* CopyFiles */,
			);
			buildRules = (
			);
			dependencies = (
			);
			name = algorithm;
			productName = algorithm;
			productReference = 48715CEB24C84FE40065D0E1 /* algorithm */;
			productType = "com.apple.product-type.tool";
		};
/* End PBXNativeTarget section */

/* Begin PBXProject section */
		48715CE324C84FE40065D0E1 /* Project object */ = {
			isa = PBXProject;
			attributes = {
				LastUpgradeCheck = 1160;
				ORGANIZATIONNAME = "양강민";
				TargetAttributes = {
					48715CEA24C84FE40065D0E1 = {
						CreatedOnToolsVersion = 11.6;
					};
				};
			};
			buildConfigurationList = 48715CE624C84FE40065D0E1 /* Build configuration list for PBXProject "algorithm" */;
			compatibilityVersion = "Xcode 9.3";
			developmentRegion = en;
			hasScannedForEncodings = 0;
			knownRegions = (
				en,
				Base,
			);
			mainGroup = 48715CE224C84FE40065D0E1;
			productRefGroup = 48715CEC24C84FE40065D0E1 /* Products */;
			projectDirPath = "";
			projectRoot = "";
			targets = (
				48715CEA24C84FE40065D0E1 /* algorithm */,
			);
		};
/* End PBXProject section */

/* Begin PBXSourcesBuildPhase section */
		48715CE724C84FE40065D0E1 /* Sources */ = {
			isa = PBXSourcesBuildPhase;
			buildActionMask = 2147483647;
			files = (
				484776C2251E366500EE19AB /* cube.cpp in Sources */,
			);
			runOnlyForDeploymentPostprocessing = 0;
		};
/* End PBXSourcesBuildPhase section */

/* Begin XCBuildConfiguration section */
		48715CF024C84FE40065D0E1 /* Debug */ = {
			isa = XCBuildConfiguration;
			buildSettings = {
				ALWAYS_SEARCH_USER_PATHS = NO;
				CLANG_ANALYZER_NONNULL = YES;
				CLANG_ANALYZER_NUMBER_OBJECT_CONVERSION = YES_AGGRESSIVE;
				CLANG_CXX_LANGUAGE_STANDARD = "gnu++14";
				CLANG_CXX_LIBRARY = "libc++";
				CLANG_ENABLE_MODULES = YES;
				CLANG_ENABLE_OBJC_ARC = YES;
				CLANG_ENABLE_OBJC_WEAK = YES;
				CLANG_WARN_BLOCK_CAPTURE_AUTORELEASING = YES;
				CLANG_WARN_BOOL_CONVERSION = YES;
				CLANG_WARN_COMMA = YES;
				CLANG_WARN_CONSTANT_CONVERSION = YES;
				CLANG_WARN_DEPRECATED_OBJC_IMPLEMENTATIONS = YES;
				CLANG_WARN_DIRECT_OBJC_ISA_USAGE = YES_ERROR;
				CLANG_WARN_DOCUMENTATION_COMMENTS = YES;
				CLANG_WARN_EMPTY_BODY = YES;
				CLANG_WARN_ENUM_CONVERSION = YES;
				CLANG_WARN_INFINITE_RECURSION = YES;
				CLANG_WARN_INT_CONVERSION = YES;
				CLANG_WARN_NON_LITERAL_NULL_CONVERSION = YES;
				CLANG_WARN_OBJC_IMPLICIT_RETAIN_SELF = YES;
				CLANG_WARN_OBJC_LITERAL_CONVERSION = YES;
				CLANG_WARN_OBJC_ROOT_CLASS = YES_ERROR;
				CLANG_WARN_RANGE_LOOP_ANALYSIS = YES;
				CLANG_WARN_STRICT_PROTOTYPES = YES;
				CLANG_WARN_SUSPICIOUS_MOVE = YES;
				CLANG_WARN_UNGUARDED_AVAILABILITY = YES_AGGRESSIVE;
				CLANG_WARN_UNREACHABLE_CODE = YES;
				CLANG_WARN__DUPLICATE_METHOD_MATCH = YES;
				COPY_PHASE_STRIP = NO;
				DEBUG_INFORMATION_FORMAT = dwarf;
				ENABLE_STRICT_OBJC_MSGSEND = YES;
				ENABLE_TESTABILITY = YES;
				GCC_C_LANGUAGE_STANDARD = gnu11;
				GCC_DYNAMIC_NO_PIC = NO;
				GCC_NO_COMMON_BLOCKS = YES;
				GCC_OPTIMIZATION_LEVEL = 0;
				GCC_PREPROCESSOR_DEFINITIONS = (
					"DEBUG=1",
					"$(inherited)",
				);
				GCC_WARN_64_TO_32_BIT_CONVERSION = YES;
				GCC_WARN_ABOUT_RETURN_TYPE = YES_ERROR;
				GCC_WARN_UNDECLARED_SELECTOR = YES;
				GCC_WARN_UNINITIALIZED_AUTOS = YES_AGGRESSIVE;
				GCC_WARN_UNUSED_FUNCTION = YES;
				GCC_WARN_UNUSED_VARIABLE = YES;
				MACOSX_DEPLOYMENT_TARGET = 10.15;
				MTL_ENABLE_DEBUG_INFO = INCLUDE_SOURCE;
				MTL_FAST_MATH = YES;
				ONLY_ACTIVE_ARCH = YES;
				SDKROOT = macosx;
			};
			name = Debug;
		};
		48715CF124C84FE40065D0E1 /* Release */ = {
			isa = XCBuildConfiguration;
			buildSettings = {
				ALWAYS_SEARCH_USER_PATHS = NO;
				CLANG_ANALYZER_NONNULL = YES;
				CLANG_ANALYZER_NUMBER_OBJECT_CONVERSION = YES_AGGRESSIVE;
				CLANG_CXX_LANGUAGE_STANDARD = "gnu++14";
				CLANG_CXX_LIBRARY = "libc++";
				CLANG_ENABLE_MODULES = YES;
				CLANG_ENABLE_OBJC_ARC = YES;
				CLANG_ENABLE_OBJC_WEAK = YES;
				CLANG_WARN_BLOCK_CAPTURE_AUTORELEASING = YES;
				CLANG_WARN_BOOL_CONVERSION = YES;
				CLANG_WARN_COMMA = YES;
				CLANG_WARN_CONSTANT_CONVERSION = YES;
				CLANG_WARN_DEPRECATED_OBJC_IMPLEMENTATIONS = YES;
				CLANG_WARN_DIRECT_OBJC_ISA_USAGE = YES_ERROR;
				CLANG_WARN_DOCUMENTATION_COMMENTS = YES;
				CLANG_WARN_EMPTY_BODY = YES;
				CLANG_WARN_ENUM_CONVERSION = YES;
				CLANG_WARN_INFINITE_RECURSION = YES;
				CLANG_WARN_INT_CONVERSION = YES;
				CLANG_WARN_NON_LITERAL_NULL_CONVERSION = YES;
				CLANG_WARN_OBJC_IMPLICIT_RETAIN_SELF = YES;
				CLANG_WARN_OBJC_LITERAL_CONVERSION = YES;
				CLANG_WARN_OBJC_ROOT_CLASS = YES_ERROR;
				CLANG_WARN_RANGE_LOOP_ANALYSIS = YES;
				CLANG_WARN_STRICT_PROTOTYPES = YES;
				CLANG_WARN_SUSPICIOUS_MOVE = YES;
				CLANG_WARN_UNGUARDED_AVAILABILITY = YES_AGGRESSIVE;
				CLANG_WARN_UNREACHABLE_CODE = YES;
				CLANG_WARN__DUPLICATE_METHOD_MATCH = YES;
				COPY_PHASE_STRIP = NO;
				DEBUG_INFORMATION_FORMAT = "dwarf-with-dsym";
				ENABLE_NS_ASSERTIONS = NO;
				ENABLE_STRICT_OBJC_MSGSEND = YES;
				GCC_C_LANGUAGE_STANDARD = gnu11;
				GCC_NO_COMMON_BLOCKS = YES;
				GCC_WARN_64_TO_32_BIT_CONVERSION = YES;
				GCC_WARN_ABOUT_RETURN_TYPE = YES_ERROR;
				GCC_WARN_UNDECLARED_SELECTOR = YES;
				GCC_WARN_UNINITIALIZED_AUTOS = YES_AGGRESSIVE;
				GCC_WARN_UNUSED_FUNCTION = YES;
				GCC_WARN_UNUSED_VARIABLE = YES;
				MACOSX_DEPLOYMENT_TARGET = 10.15;
				MTL_ENABLE_DEBUG_INFO = NO;
				MTL_FAST_MATH = YES;
				SDKROOT = macosx;
			};
			name = Release;
		};
		48715CF324C84FE40065D0E1 /* Debug */ = {
			isa = XCBuildConfiguration;
			buildSettings = {
				CODE_SIGN_STYLE = Automatic;
				PRODUCT_NAME = "$(TARGET_NAME)";
			};
			name = Debug;
		};
		48715CF424C84FE40065D0E1 /* Release */ = {
			isa = XCBuildConfiguration;
			buildSettings = {
				CODE_SIGN_STYLE = Automatic;
				PRODUCT_NAME = "$(TARGET_NAME)";
			};
			name = Release;
		};
/* End XCBuildConfiguration section */

/* Begin XCConfigurationList section */
		48715CE624C84FE40065D0E1 /* Build configuration list for PBXProject "algorithm" */ = {
			isa = XCConfigurationList;
			buildConfigurations = (
				48715CF024C84FE40065D0E1 /* Debug */,
				48715CF124C84FE40065D0E1 /* Release */,
			);
			defaultConfigurationIsVisible = 0;
			defaultConfigurationName = Release;
		};
		48715CF224C84FE40065D0E1 /* Build configuration list for PBXNativeTarget "algorithm" */ = {
			isa = XCConfigurationList;
			buildConfigurations = (
				48715CF324C84FE40065D0E1 /* Debug */,
				48715CF424C84FE40065D0E1 /* Release */,
			);
			defaultConfigurationIsVisible = 0;
			defaultConfigurationName = Release;
		};
/* End XCConfigurationList section */
	};
	rootObject = 48715CE324C84FE40065D0E1 /* Project object */;
}
